
Microsoft Visual Studio Solution File, Format Version 12.00
# Visual Studio Version 16
VisualStudioVersion = 16.0.30011.22
MinimumVisualStudioVersion = 10.0.40219.1
Project("{FAE04EC0-301F-11D3-BF4B-00C04F79EFBC}") = "lab4", "lab4.csproj", "{879BC905-34F4-4B05-8D0B-B82BA6EDFC40}"
EndProject
Project("{FAE04EC0-301F-11D3-BF4B-00C04F79EFBC}") = "UnitTestProject3", "..\UnitTestProject3\UnitTestProject3.csproj", "{8572FC3B-E072-4FA8-9EEA-74E79B08EFB0}"
EndProject
Global
	GlobalSection(SolutionConfigurationPlatforms) = preSolution
		Debug|Any CPU = Debug|Any CPU
		Release|Any CPU = Release|Any CPU
	EndGlobalSection
	GlobalSection(ProjectConfigurationPlatforms) = postSolution
		{879BC905-34F4-4B05-8D0B-B82BA6EDFC40}.Debug|Any CPU.ActiveCfg = Debug|Any CPU
		{879BC905-34F4-4B05-8D0B-B82BA6EDFC40}.Debug|Any CPU.Build.0 = Debug|Any CPU
		{879BC905-34F4-4B05-8D0B-B82BA6EDFC40}.Release|Any CPU.ActiveCfg = Release|Any CPU
		{879BC905-34F4-4B05-8D0B-B82BA6EDFC40}.Release|Any CPU.Build.0 = Release|Any CPU
		{8572FC3B-E072-4FA8-9EEA-74E79B08EFB0}.Debug|Any CPU.ActiveCfg = Debug|Any CPU
		{8572FC3B-E072-4FA8-9EEA-74E79B08EFB0}.Debug|Any CPU.Build.0 = Debug|Any CPU
		{8572FC3B-E072-4FA8-9EEA-74E79B08EFB0}.Release|Any CPU.ActiveCfg = Release|Any CPU
		{8572FC3B-E072-4FA8-9EEA-74E79B08EFB0}.Release|Any CPU.Build.0 = Release|Any CPU
	EndGlobalSection
	GlobalSection(SolutionProperties) = preSolution
		HideSolutionNode = FALSE
	EndGlobalSection
	GlobalSection(ExtensibilityGlobals) = postSolution
		SolutionGuid = {2E334B11-59ED-4C67-BBCA-C9B12EDBC4BF}
	EndGlobalSection
EndGlobal
